
Microsoft Visual Studio Solution File, Format Version 12.00
# Visual Studio Version 16
VisualStudioVersion = 16.0.31515.178
MinimumVisualStudioVersion = 10.0.40219.1
Project("{2150E333-8FDC-42A3-9474-1A3956D46DE8}") = "src", "src", "{A2CD3418-8590-4DA6-AD64-119117F4BFD3}"
EndProject
Project("{2150E333-8FDC-42A3-9474-1A3956D46DE8}") = "Building Blocks", "Building Blocks", "{46DF30C7-A0FE-45D3-BF16-D09A5D3A012A}"
EndProject
Project("{2150E333-8FDC-42A3-9474-1A3956D46DE8}") = "Services", "Services", "{D915399A-EF9F-43B2-A674-1591DFA58027}"
EndProject
Project("{2150E333-8FDC-42A3-9474-1A3956D46DE8}") = "Web", "Web", "{485ADDDB-7072-4C55-9073-5BDBB73D1DE9}"
EndProject
Project("{2150E333-8FDC-42A3-9474-1A3956D46DE8}") = "Identidade", "Identidade", "{B36BE9D8-F89B-4904-8A65-357D29D668E7}"
EndProject
Project("{2150E333-8FDC-42A3-9474-1A3956D46DE8}") = "MVC", "MVC", "{8EE557A7-BF0A-4580-813F-F07507D7B2CF}"
EndProject
Project("{9A19103F-16F7-4668-BE54-9A1E7A4F7556}") = "NSE.Identidade.API", "src\services\NSE.Identidade.API\NSE.Identidade.API.csproj", "{62DD28A3-BB74-4F76-A130-513DF9F28E52}"
EndProject
Project("{9A19103F-16F7-4668-BE54-9A1E7A4F7556}") = "NSE.WebApp.MVC", "src\web\NSE.WebApp.MVC\NSE.WebApp.MVC.csproj", "{B165C9D8-1279-4CDB-8D1B-FC495C0976A8}"
EndProject
Project("{2150E333-8FDC-42A3-9474-1A3956D46DE8}") = "Core", "Core", "{A5A8E427-7DB2-4290-95D6-6C0502BE44DF}"
EndProject
Project("{9A19103F-16F7-4668-BE54-9A1E7A4F7556}") = "NSE.Core", "src\building blocks\NSE.Core\NSE.Core.csproj", "{0BDC5F5A-7E4A-44D1-83CF-461AA1099842}"
EndProject
Project("{2150E333-8FDC-42A3-9474-1A3956D46DE8}") = "Carrinho", "Carrinho", "{62FA1018-AB45-412D-AE9E-5F70E26C10CB}"
EndProject
Project("{2150E333-8FDC-42A3-9474-1A3956D46DE8}") = "Catalogo", "Catalogo", "{2E11699B-D69B-471D-AF19-8326FA30D92A}"
EndProject
Project("{2150E333-8FDC-42A3-9474-1A3956D46DE8}") = "Cliente", "Cliente", "{219EB390-5109-44B2-A930-ACEE66F6E384}"
EndProject
Project("{2150E333-8FDC-42A3-9474-1A3956D46DE8}") = "Pagamento", "Pagamento", "{329ACDAC-CE0B-4BA8-AC04-37F6D54DD821}"
EndProject
Project("{2150E333-8FDC-42A3-9474-1A3956D46DE8}") = "Pedido", "Pedido", "{5B82EDDA-BF9F-49F2-A0BC-11F2D9429406}"
EndProject
Project("{9A19103F-16F7-4668-BE54-9A1E7A4F7556}") = "NSE.Carrinho.API", "src\services\NSE.Carrinho.API\NSE.Carrinho.API.csproj", "{1B26B544-8D1D-4CDB-B060-501508E3E937}"
EndProject
Project("{9A19103F-16F7-4668-BE54-9A1E7A4F7556}") = "NSE.Catalogo.API", "src\services\NSE.Catalogo.API\NSE.Catalogo.API.csproj", "{BEA1F4B7-EFD1-493A-98BF-867C22CB4C26}"
EndProject
Project("{9A19103F-16F7-4668-BE54-9A1E7A4F7556}") = "NSE.Clientes.API", "src\services\NSE.Cliente.API\NSE.Clientes.API.csproj", "{9BD63E03-7E83-4C87-8C3B-474FDE8DCA98}"
EndProject
Project("{9A19103F-16F7-4668-BE54-9A1E7A4F7556}") = "NSE.Pagamento.API", "src\services\NSE.Pagamento.API\NSE.Pagamento.API.csproj", "{CA1B47DE-FCB5-4430-A8BC-05EC59D81169}"
EndProject
Project("{9A19103F-16F7-4668-BE54-9A1E7A4F7556}") = "NSE.Pedidos.API", "src\services\NSE.Pedido.API\NSE.Pedidos.API.csproj", "{E48B12F7-7457-44EB-AEB6-6765C8024D35}"
EndProject
Project("{2150E333-8FDC-42A3-9474-1A3956D46DE8}") = "Services", "Services", "{A63CE5C9-7B8E-4ECD-BD53-F770B0CCA35C}"
EndProject
Project("{9A19103F-16F7-4668-BE54-9A1E7A4F7556}") = "NSE.WebApi.Core", "src\building blocks\NSE.WebApi.Core\NSE.WebApi.Core.csproj", "{6A578BEA-7C67-421C-BB8D-563DB6117C2E}"
EndProject
Project("{2150E333-8FDC-42A3-9474-1A3956D46DE8}") = "MessageBus", "MessageBus", "{C40FC36D-FCFE-4D28-AF72-70ABD29A4417}"
EndProject
Project("{9A19103F-16F7-4668-BE54-9A1E7A4F7556}") = "NSE.MessageBus", "src\building blocks\NSE.MessageBus\NSE.MessageBus.csproj", "{13C5A8F7-1C10-4183-A437-3400348DDD11}"
EndProject
Project("{2150E333-8FDC-42A3-9474-1A3956D46DE8}") = "ApiGateways", "ApiGateways", "{5529B5BB-506B-47E3-AE89-44364D6C10FF}"
EndProject
Project("{2150E333-8FDC-42A3-9474-1A3956D46DE8}") = "Compras", "Compras", "{272D93AA-8BC9-4D92-9FC2-F020DCFF2A90}"
EndProject
Project("{9A19103F-16F7-4668-BE54-9A1E7A4F7556}") = "NSE.BFF.Compras", "src\api gateways\NSE.BFF.Compras\NSE.BFF.Compras.csproj", "{4C6F3CB9-003B-4A9C-BBD9-E23309A6D915}"
EndProject
Project("{9A19103F-16F7-4668-BE54-9A1E7A4F7556}") = "NSE.Pedidos.Domain", "src\services\NSE.Pedidos.Domain\NSE.Pedidos.Domain.csproj", "{D9A2DB42-AE05-4A15-9B6D-40FC8BD2177A}"
EndProject
Project("{9A19103F-16F7-4668-BE54-9A1E7A4F7556}") = "NSE.Pedidos.Infra", "src\services\NSE.Pedidos.Infra\NSE.Pedidos.Infra.csproj", "{F1308BF7-5B6F-45E1-9DB2-1FD0BCE1C97E}"
EndProject
Global
	GlobalSection(SolutionConfigurationPlatforms) = preSolution
		Debug|Any CPU = Debug|Any CPU
		Release|Any CPU = Release|Any CPU
	EndGlobalSection
	GlobalSection(ProjectConfigurationPlatforms) = postSolution
		{62DD28A3-BB74-4F76-A130-513DF9F28E52}.Debug|Any CPU.ActiveCfg = Debug|Any CPU
		{62DD28A3-BB74-4F76-A130-513DF9F28E52}.Debug|Any CPU.Build.0 = Debug|Any CPU
		{62DD28A3-BB74-4F76-A130-513DF9F28E52}.Release|Any CPU.ActiveCfg = Release|Any CPU
		{62DD28A3-BB74-4F76-A130-513DF9F28E52}.Release|Any CPU.Build.0 = Release|Any CPU
		{B165C9D8-1279-4CDB-8D1B-FC495C0976A8}.Debug|Any CPU.ActiveCfg = Debug|Any CPU
		{B165C9D8-1279-4CDB-8D1B-FC495C0976A8}.Debug|Any CPU.Build.0 = Debug|Any CPU
		{B165C9D8-1279-4CDB-8D1B-FC495C0976A8}.Release|Any CPU.ActiveCfg = Release|Any CPU
		{B165C9D8-1279-4CDB-8D1B-FC495C0976A8}.Release|Any CPU.Build.0 = Release|Any CPU
		{0BDC5F5A-7E4A-44D1-83CF-461AA1099842}.Debug|Any CPU.ActiveCfg = Debug|Any CPU
		{0BDC5F5A-7E4A-44D1-83CF-461AA1099842}.Debug|Any CPU.Build.0 = Debug|Any CPU
		{0BDC5F5A-7E4A-44D1-83CF-461AA1099842}.Release|Any CPU.ActiveCfg = Release|Any CPU
		{0BDC5F5A-7E4A-44D1-83CF-461AA1099842}.Release|Any CPU.Build.0 = Release|Any CPU
		{1B26B544-8D1D-4CDB-B060-501508E3E937}.Debug|Any CPU.ActiveCfg = Debug|Any CPU
		{1B26B544-8D1D-4CDB-B060-501508E3E937}.Debug|Any CPU.Build.0 = Debug|Any CPU
		{1B26B544-8D1D-4CDB-B060-501508E3E937}.Release|Any CPU.ActiveCfg = Release|Any CPU
		{1B26B544-8D1D-4CDB-B060-501508E3E937}.Release|Any CPU.Build.0 = Release|Any CPU
		{BEA1F4B7-EFD1-493A-98BF-867C22CB4C26}.Debug|Any CPU.ActiveCfg = Debug|Any CPU
		{BEA1F4B7-EFD1-493A-98BF-867C22CB4C26}.Debug|Any CPU.Build.0 = Debug|Any CPU
		{BEA1F4B7-EFD1-493A-98BF-867C22CB4C26}.Release|Any CPU.ActiveCfg = Release|Any CPU
		{BEA1F4B7-EFD1-493A-98BF-867C22CB4C26}.Release|Any CPU.Build.0 = Release|Any CPU
		{9BD63E03-7E83-4C87-8C3B-474FDE8DCA98}.Debug|Any CPU.ActiveCfg = Debug|Any CPU
		{9BD63E03-7E83-4C87-8C3B-474FDE8DCA98}.Debug|Any CPU.Build.0 = Debug|Any CPU
		{9BD63E03-7E83-4C87-8C3B-474FDE8DCA98}.Release|Any CPU.ActiveCfg = Release|Any CPU
		{9BD63E03-7E83-4C87-8C3B-474FDE8DCA98}.Release|Any CPU.Build.0 = Release|Any CPU
		{CA1B47DE-FCB5-4430-A8BC-05EC59D81169}.Debug|Any CPU.ActiveCfg = Debug|Any CPU
		{CA1B47DE-FCB5-4430-A8BC-05EC59D81169}.Debug|Any CPU.Build.0 = Debug|Any CPU
		{CA1B47DE-FCB5-4430-A8BC-05EC59D81169}.Release|Any CPU.ActiveCfg = Release|Any CPU
		{CA1B47DE-FCB5-4430-A8BC-05EC59D81169}.Release|Any CPU.Build.0 = Release|Any CPU
		{E48B12F7-7457-44EB-AEB6-6765C8024D35}.Debug|Any CPU.ActiveCfg = Debug|Any CPU
		{E48B12F7-7457-44EB-AEB6-6765C8024D35}.Debug|Any CPU.Build.0 = Debug|Any CPU
		{E48B12F7-7457-44EB-AEB6-6765C8024D35}.Release|Any CPU.ActiveCfg = Release|Any CPU
		{E48B12F7-7457-44EB-AEB6-6765C8024D35}.Release|Any CPU.Build.0 = Release|Any CPU
		{6A578BEA-7C67-421C-BB8D-563DB6117C2E}.Debug|Any CPU.ActiveCfg = Debug|Any CPU
		{6A578BEA-7C67-421C-BB8D-563DB6117C2E}.Debug|Any CPU.Build.0 = Debug|Any CPU
		{6A578BEA-7C67-421C-BB8D-563DB6117C2E}.Release|Any CPU.ActiveCfg = Release|Any CPU
		{6A578BEA-7C67-421C-BB8D-563DB6117C2E}.Release|Any CPU.Build.0 = Release|Any CPU
		{13C5A8F7-1C10-4183-A437-3400348DDD11}.Debug|Any CPU.ActiveCfg = Debug|Any CPU
		{13C5A8F7-1C10-4183-A437-3400348DDD11}.Debug|Any CPU.Build.0 = Debug|Any CPU
		{13C5A8F7-1C10-4183-A437-3400348DDD11}.Release|Any CPU.ActiveCfg = Release|Any CPU
		{13C5A8F7-1C10-4183-A437-3400348DDD11}.Release|Any CPU.Build.0 = Release|Any CPU
		{4C6F3CB9-003B-4A9C-BBD9-E23309A6D915}.Debug|Any CPU.ActiveCfg = Debug|Any CPU
		{4C6F3CB9-003B-4A9C-BBD9-E23309A6D915}.Debug|Any CPU.Build.0 = Debug|Any CPU
		{4C6F3CB9-003B-4A9C-BBD9-E23309A6D915}.Release|Any CPU.ActiveCfg = Release|Any CPU
		{4C6F3CB9-003B-4A9C-BBD9-E23309A6D915}.Release|Any CPU.Build.0 = Release|Any CPU
		{D9A2DB42-AE05-4A15-9B6D-40FC8BD2177A}.Debug|Any CPU.ActiveCfg = Debug|Any CPU
		{D9A2DB42-AE05-4A15-9B6D-40FC8BD2177A}.Debug|Any CPU.Build.0 = Debug|Any CPU
		{D9A2DB42-AE05-4A15-9B6D-40FC8BD2177A}.Release|Any CPU.ActiveCfg = Release|Any CPU
		{D9A2DB42-AE05-4A15-9B6D-40FC8BD2177A}.Release|Any CPU.Build.0 = Release|Any CPU
		{F1308BF7-5B6F-45E1-9DB2-1FD0BCE1C97E}.Debug|Any CPU.ActiveCfg = Debug|Any CPU
		{F1308BF7-5B6F-45E1-9DB2-1FD0BCE1C97E}.Debug|Any CPU.Build.0 = Debug|Any CPU
		{F1308BF7-5B6F-45E1-9DB2-1FD0BCE1C97E}.Release|Any CPU.ActiveCfg = Release|Any CPU
		{F1308BF7-5B6F-45E1-9DB2-1FD0BCE1C97E}.Release|Any CPU.Build.0 = Release|Any CPU
	EndGlobalSection
	GlobalSection(SolutionProperties) = preSolution
		HideSolutionNode = FALSE
	EndGlobalSection
	GlobalSection(NestedProjects) = preSolution
		{46DF30C7-A0FE-45D3-BF16-D09A5D3A012A} = {A2CD3418-8590-4DA6-AD64-119117F4BFD3}
		{D915399A-EF9F-43B2-A674-1591DFA58027} = {A2CD3418-8590-4DA6-AD64-119117F4BFD3}
		{485ADDDB-7072-4C55-9073-5BDBB73D1DE9} = {A2CD3418-8590-4DA6-AD64-119117F4BFD3}
		{B36BE9D8-F89B-4904-8A65-357D29D668E7} = {D915399A-EF9F-43B2-A674-1591DFA58027}
		{8EE557A7-BF0A-4580-813F-F07507D7B2CF} = {485ADDDB-7072-4C55-9073-5BDBB73D1DE9}
		{62DD28A3-BB74-4F76-A130-513DF9F28E52} = {B36BE9D8-F89B-4904-8A65-357D29D668E7}
		{B165C9D8-1279-4CDB-8D1B-FC495C0976A8} = {8EE557A7-BF0A-4580-813F-F07507D7B2CF}
		{A5A8E427-7DB2-4290-95D6-6C0502BE44DF} = {46DF30C7-A0FE-45D3-BF16-D09A5D3A012A}
		{0BDC5F5A-7E4A-44D1-83CF-461AA1099842} = {A5A8E427-7DB2-4290-95D6-6C0502BE44DF}
		{62FA1018-AB45-412D-AE9E-5F70E26C10CB} = {D915399A-EF9F-43B2-A674-1591DFA58027}
		{2E11699B-D69B-471D-AF19-8326FA30D92A} = {D915399A-EF9F-43B2-A674-1591DFA58027}
		{219EB390-5109-44B2-A930-ACEE66F6E384} = {D915399A-EF9F-43B2-A674-1591DFA58027}
		{329ACDAC-CE0B-4BA8-AC04-37F6D54DD821} = {D915399A-EF9F-43B2-A674-1591DFA58027}
		{5B82EDDA-BF9F-49F2-A0BC-11F2D9429406} = {D915399A-EF9F-43B2-A674-1591DFA58027}
		{1B26B544-8D1D-4CDB-B060-501508E3E937} = {62FA1018-AB45-412D-AE9E-5F70E26C10CB}
		{BEA1F4B7-EFD1-493A-98BF-867C22CB4C26} = {2E11699B-D69B-471D-AF19-8326FA30D92A}
		{9BD63E03-7E83-4C87-8C3B-474FDE8DCA98} = {219EB390-5109-44B2-A930-ACEE66F6E384}
		{CA1B47DE-FCB5-4430-A8BC-05EC59D81169} = {329ACDAC-CE0B-4BA8-AC04-37F6D54DD821}
		{E48B12F7-7457-44EB-AEB6-6765C8024D35} = {5B82EDDA-BF9F-49F2-A0BC-11F2D9429406}
		{A63CE5C9-7B8E-4ECD-BD53-F770B0CCA35C} = {46DF30C7-A0FE-45D3-BF16-D09A5D3A012A}
		{6A578BEA-7C67-421C-BB8D-563DB6117C2E} = {A63CE5C9-7B8E-4ECD-BD53-F770B0CCA35C}
		{C40FC36D-FCFE-4D28-AF72-70ABD29A4417} = {46DF30C7-A0FE-45D3-BF16-D09A5D3A012A}
		{13C5A8F7-1C10-4183-A437-3400348DDD11} = {C40FC36D-FCFE-4D28-AF72-70ABD29A4417}
		{5529B5BB-506B-47E3-AE89-44364D6C10FF} = {A2CD3418-8590-4DA6-AD64-119117F4BFD3}
		{272D93AA-8BC9-4D92-9FC2-F020DCFF2A90} = {5529B5BB-506B-47E3-AE89-44364D6C10FF}
		{4C6F3CB9-003B-4A9C-BBD9-E23309A6D915} = {272D93AA-8BC9-4D92-9FC2-F020DCFF2A90}
		{D9A2DB42-AE05-4A15-9B6D-40FC8BD2177A} = {5B82EDDA-BF9F-49F2-A0BC-11F2D9429406}
		{F1308BF7-5B6F-45E1-9DB2-1FD0BCE1C97E} = {5B82EDDA-BF9F-49F2-A0BC-11F2D9429406}
	EndGlobalSection
	GlobalSection(ExtensibilityGlobals) = postSolution
		SolutionGuid = {ADB4C567-3F6F-473C-84AB-552AB62DAE92}
	EndGlobalSection
EndGlobal
